// !$*UTF8*$!
{
	archiveVersion = 1;
	classes = {
	};
	objectVersion = 56;
	objects = {

/* Begin PBXBuildFile section */
		D917378929B9A72400189181 /* HomeProductVC.swift in Sources */ = {isa = PBXBuildFile; fileRef = D917378829B9A72400189181 /* HomeProductVC.swift */; };
		D917378B29B9A7A500189181 /* HomeTableViewCell.swift in Sources */ = {isa = PBXBuildFile; fileRef = D917378A29B9A7A500189181 /* HomeTableViewCell.swift */; };
		D917378D29B9A7B800189181 /* HomeCollectionViewCell.swift in Sources */ = {isa = PBXBuildFile; fileRef = D917378C29B9A7B800189181 /* HomeCollectionViewCell.swift */; };
		D917379029B9A81000189181 /* DetailsModel.swift in Sources */ = {isa = PBXBuildFile; fileRef = D917378F29B9A81000189181 /* DetailsModel.swift */; };
		D91A917729BAF98E003188A3 /* ProductDetailVC.swift in Sources */ = {isa = PBXBuildFile; fileRef = D91A917629BAF98E003188A3 /* ProductDetailVC.swift */; };
		D91A917929BB43FB003188A3 /* MyProfileVC.swift in Sources */ = {isa = PBXBuildFile; fileRef = D91A917829BB43FB003188A3 /* MyProfileVC.swift */; };
		D91A917B29BB4C6A003188A3 /* MyProfileModel.swift in Sources */ = {isa = PBXBuildFile; fileRef = D91A917A29BB4C6A003188A3 /* MyProfileModel.swift */; };
		D942DE9229B73544003FA5E9 /* UITextFieldExtension.swift in Sources */ = {isa = PBXBuildFile; fileRef = D942DE9129B73543003FA5E9 /* UITextFieldExtension.swift */; };
		D9B7A42729B748F600273D2B /* HomeTabBarVc.swift in Sources */ = {isa = PBXBuildFile; fileRef = D9B7A42629B748F600273D2B /* HomeTabBarVc.swift */; };
		D9DB52EE29B6F635008EEB73 /* AppDelegate.swift in Sources */ = {isa = PBXBuildFile; fileRef = D9DB52ED29B6F635008EEB73 /* AppDelegate.swift */; };
		D9DB52F029B6F635008EEB73 /* SceneDelegate.swift in Sources */ = {isa = PBXBuildFile; fileRef = D9DB52EF29B6F635008EEB73 /* SceneDelegate.swift */; };
		D9DB52F229B6F635008EEB73 /* LoginVC.swift in Sources */ = {isa = PBXBuildFile; fileRef = D9DB52F129B6F635008EEB73 /* LoginVC.swift */; };
		D9DB52F529B6F635008EEB73 /* Main.storyboard in Resources */ = {isa = PBXBuildFile; fileRef = D9DB52F329B6F635008EEB73 /* Main.storyboard */; };
		D9DB52F729B6F636008EEB73 /* Assets.xcassets in Resources */ = {isa = PBXBuildFile; fileRef = D9DB52F629B6F636008EEB73 /* Assets.xcassets */; };
		D9DB52FA29B6F636008EEB73 /* LaunchScreen.storyboard in Resources */ = {isa = PBXBuildFile; fileRef = D9DB52F829B6F636008EEB73 /* LaunchScreen.storyboard */; };
/* End PBXBuildFile section */

/* Begin PBXFileReference section */
		D917378829B9A72400189181 /* HomeProductVC.swift */ = {isa = PBXFileReference; lastKnownFileType = sourcecode.swift; path = HomeProductVC.swift; sourceTree = "<group>"; };
		D917378A29B9A7A500189181 /* HomeTableViewCell.swift */ = {isa = PBXFileReference; lastKnownFileType = sourcecode.swift; path = HomeTableViewCell.swift; sourceTree = "<group>"; };
		D917378C29B9A7B800189181 /* HomeCollectionViewCell.swift */ = {isa = PBXFileReference; lastKnownFileType = sourcecode.swift; path = HomeCollectionViewCell.swift; sourceTree = "<group>"; };
		D917378F29B9A81000189181 /* DetailsModel.swift */ = {isa = PBXFileReference; lastKnownFileType = sourcecode.swift; path = DetailsModel.swift; sourceTree = "<group>"; };
		D91A917629BAF98E003188A3 /* ProductDetailVC.swift */ = {isa = PBXFileReference; lastKnownFileType = sourcecode.swift; path = ProductDetailVC.swift; sourceTree = "<group>"; };
		D91A917829BB43FB003188A3 /* MyProfileVC.swift */ = {isa = PBXFileReference; lastKnownFileType = sourcecode.swift; path = MyProfileVC.swift; sourceTree = "<group>"; };
		D91A917A29BB4C6A003188A3 /* MyProfileModel.swift */ = {isa = PBXFileReference; lastKnownFileType = sourcecode.swift; path = MyProfileModel.swift; sourceTree = "<group>"; };
		D942DE9129B73543003FA5E9 /* UITextFieldExtension.swift */ = {isa = PBXFileReference; lastKnownFileType = sourcecode.swift; path = UITextFieldExtension.swift; sourceTree = "<group>"; };
		D9B7A42629B748F600273D2B /* HomeTabBarVc.swift */ = {isa = PBXFileReference; lastKnownFileType = sourcecode.swift; path = HomeTabBarVc.swift; sourceTree = "<group>"; };
		D9DB52EA29B6F635008EEB73 /* OfficeUITest.app */ = {isa = PBXFileReference; explicitFileType = wrapper.application; includeInIndex = 0; path = OfficeUITest.app; sourceTree = BUILT_PRODUCTS_DIR; };
		D9DB52ED29B6F635008EEB73 /* AppDelegate.swift */ = {isa = PBXFileReference; lastKnownFileType = sourcecode.swift; path = AppDelegate.swift; sourceTree = "<group>"; };
		D9DB52EF29B6F635008EEB73 /* SceneDelegate.swift */ = {isa = PBXFileReference; lastKnownFileType = sourcecode.swift; path = SceneDelegate.swift; sourceTree = "<group>"; };
		D9DB52F129B6F635008EEB73 /* LoginVC.swift */ = {isa = PBXFileReference; lastKnownFileType = sourcecode.swift; path = LoginVC.swift; sourceTree = "<group>"; };
		D9DB52F429B6F635008EEB73 /* Base */ = {isa = PBXFileReference; lastKnownFileType = file.storyboard; name = Base; path = Base.lproj/Main.storyboard; sourceTree = "<group>"; };
		D9DB52F629B6F636008EEB73 /* Assets.xcassets */ = {isa = PBXFileReference; lastKnownFileType = folder.assetcatalog; path = Assets.xcassets; sourceTree = "<group>"; };
		D9DB52F929B6F636008EEB73 /* Base */ = {isa = PBXFileReference; lastKnownFileType = file.storyboard; name = Base; path = Base.lproj/LaunchScreen.storyboard; sourceTree = "<group>"; };
		D9DB52FB29B6F636008EEB73 /* Info.plist */ = {isa = PBXFileReference; lastKnownFileType = text.plist.xml; path = Info.plist; sourceTree = "<group>"; };
/* End PBXFileReference section */

/* Begin PBXFrameworksBuildPhase section */
		D9DB52E729B6F635008EEB73 /* Frameworks */ = {
			isa = PBXFrameworksBuildPhase;
			buildActionMask = 2147483647;
			files = (
			);
			runOnlyForDeploymentPostprocessing = 0;
		};
/* End PBXFrameworksBuildPhase section */

/* Begin PBXGroup section */
		D917378E29B9A7E700189181 /* Model */ = {
			isa = PBXGroup;
			children = (
				D917378F29B9A81000189181 /* DetailsModel.swift */,
				D91A917A29BB4C6A003188A3 /* MyProfileModel.swift */,
			);
			path = Model;
			sourceTree = "<group>";
		};
		D942DE9029B73501003FA5E9 /* Extensions */ = {
			isa = PBXGroup;
			children = (
				D942DE9129B73543003FA5E9 /* UITextFieldExtension.swift */,
			);
			path = Extensions;
			sourceTree = "<group>";
		};
		D942DE9329B73866003FA5E9 /* Views */ = {
			isa = PBXGroup;
			children = (
				D9DB52F329B6F635008EEB73 /* Main.storyboard */,
				D9DB52F829B6F636008EEB73 /* LaunchScreen.storyboard */,
			);
			path = Views;
			sourceTree = "<group>";
		};
		D942DE9529B73898003FA5E9 /* Controllers */ = {
			isa = PBXGroup;
			children = (
				D9DB52F129B6F635008EEB73 /* LoginVC.swift */,
				D917378829B9A72400189181 /* HomeProductVC.swift */,
				D917378A29B9A7A500189181 /* HomeTableViewCell.swift */,
				D917378C29B9A7B800189181 /* HomeCollectionViewCell.swift */,
				D91A917629BAF98E003188A3 /* ProductDetailVC.swift */,
				D91A917829BB43FB003188A3 /* MyProfileVC.swift */,
				D9B7A42629B748F600273D2B /* HomeTabBarVc.swift */,
			);
			path = Controllers;
			sourceTree = "<group>";
		};
		D9DB52E129B6F634008EEB73 = {
			isa = PBXGroup;
			children = (
				D9DB52EC29B6F635008EEB73 /* OfficeUITest */,
				D9DB52EB29B6F635008EEB73 /* Products */,
			);
			sourceTree = "<group>";
		};
		D9DB52EB29B6F635008EEB73 /* Products */ = {
			isa = PBXGroup;
			children = (
				D9DB52EA29B6F635008EEB73 /* OfficeUITest.app */,
			);
			name = Products;
			sourceTree = "<group>";
		};
		D9DB52EC29B6F635008EEB73 /* OfficeUITest */ = {
			isa = PBXGroup;
			children = (
				D9DB52ED29B6F635008EEB73 /* AppDelegate.swift */,
				D9DB52EF29B6F635008EEB73 /* SceneDelegate.swift */,
				D917378E29B9A7E700189181 /* Model */,
				D942DE9329B73866003FA5E9 /* Views */,
				D942DE9529B73898003FA5E9 /* Controllers */,
				D942DE9029B73501003FA5E9 /* Extensions */,
				D9DB52F629B6F636008EEB73 /* Assets.xcassets */,
				D9DB52FB29B6F636008EEB73 /* Info.plist */,
			);
			path = OfficeUITest;
			sourceTree = "<group>";
		};
/* End PBXGroup section */

/* Begin PBXNativeTarget section */
		D9DB52E929B6F635008EEB73 /* OfficeUITest */ = {
			isa = PBXNativeTarget;
			buildConfigurationList = D9DB52FE29B6F636008EEB73 /* Build configuration list for PBXNativeTarget "OfficeUITest" */;
			buildPhases = (
				D9DB52E629B6F635008EEB73 /* Sources */,
				D9DB52E729B6F635008EEB73 /* Frameworks */,
				D9DB52E829B6F635008EEB73 /* Resources */,
			);
			buildRules = (
			);
			dependencies = (
			);
			name = OfficeUITest;
			productName = OfficeUITest;
			productReference = D9DB52EA29B6F635008EEB73 /* OfficeUITest.app */;
			productType = "com.apple.product-type.application";
		};
/* End PBXNativeTarget section */

/* Begin PBXProject section */
		D9DB52E229B6F634008EEB73 /* Project object */ = {
			isa = PBXProject;
			attributes = {
				BuildIndependentTargetsInParallel = 1;
				LastSwiftUpdateCheck = 1420;
				LastUpgradeCheck = 1420;
				TargetAttributes = {
					D9DB52E929B6F635008EEB73 = {
						CreatedOnToolsVersion = 14.2;
					};
				};
			};
			buildConfigurationList = D9DB52E529B6F634008EEB73 /* Build configuration list for PBXProject "OfficeUITest" */;
			compatibilityVersion = "Xcode 14.0";
			developmentRegion = en;
			hasScannedForEncodings = 0;
			knownRegions = (
				en,
				Base,
			);
			mainGroup = D9DB52E129B6F634008EEB73;
			productRefGroup = D9DB52EB29B6F635008EEB73 /* Products */;
			projectDirPath = "";
			projectRoot = "";
			targets = (
				D9DB52E929B6F635008EEB73 /* OfficeUITest */,
			);
		};
/* End PBXProject section */

/* Begin PBXResourcesBuildPhase section */
		D9DB52E829B6F635008EEB73 /* Resources */ = {
			isa = PBXResourcesBuildPhase;
			buildActionMask = 2147483647;
			files = (
				D9DB52FA29B6F636008EEB73 /* LaunchScreen.storyboard in Resources */,
				D9DB52F729B6F636008EEB73 /* Assets.xcassets in Resources */,
				D9DB52F529B6F635008EEB73 /* Main.storyboard in Resources */,
			);
			runOnlyForDeploymentPostprocessing = 0;
		};
/* End PBXResourcesBuildPhase section */

/* Begin PBXSourcesBuildPhase section */
		D9DB52E629B6F635008EEB73 /* Sources */ = {
			isa = PBXSourcesBuildPhase;
			buildActionMask = 2147483647;
			files = (
				D91A917729BAF98E003188A3 /* ProductDetailVC.swift in Sources */,
				D9DB52F229B6F635008EEB73 /* LoginVC.swift in Sources */,
				D917378929B9A72400189181 /* HomeProductVC.swift in Sources */,
				D917378B29B9A7A500189181 /* HomeTableViewCell.swift in Sources */,
				D9B7A42729B748F600273D2B /* HomeTabBarVc.swift in Sources */,
				D91A917929BB43FB003188A3 /* MyProfileVC.swift in Sources */,
				D942DE9229B73544003FA5E9 /* UITextFieldExtension.swift in Sources */,
				D9DB52EE29B6F635008EEB73 /* AppDelegate.swift in Sources */,
				D9DB52F029B6F635008EEB73 /* SceneDelegate.swift in Sources */,
				D91A917B29BB4C6A003188A3 /* MyProfileModel.swift in Sources */,
				D917379029B9A81000189181 /* DetailsModel.swift in Sources */,
				D917378D29B9A7B800189181 /* HomeCollectionViewCell.swift in Sources */,
			);
			runOnlyForDeploymentPostprocessing = 0;
		};
/* End PBXSourcesBuildPhase section */

/* Begin PBXVariantGroup section */
		D9DB52F329B6F635008EEB73 /* Main.storyboard */ = {
			isa = PBXVariantGroup;
			children = (
				D9DB52F429B6F635008EEB73 /* Base */,
			);
			name = Main.storyboard;
			sourceTree = "<group>";
		};
		D9DB52F829B6F636008EEB73 /* LaunchScreen.storyboard */ = {
			isa = PBXVariantGroup;
			children = (
				D9DB52F929B6F636008EEB73 /* Base */,
			);
			name = LaunchScreen.storyboard;
			sourceTree = "<group>";
		};
/* End PBXVariantGroup section */

/* Begin XCBuildConfiguration section */
		D9DB52FC29B6F636008EEB73 /* Debug */ = {
			isa = XCBuildConfiguration;
			buildSettings = {
				ALWAYS_SEARCH_USER_PATHS = NO;
				CLANG_ANALYZER_NONNULL = YES;
				CLANG_ANALYZER_NUMBER_OBJECT_CONVERSION = YES_AGGRESSIVE;
				CLANG_CXX_LANGUAGE_STANDARD = "gnu++20";
				CLANG_ENABLE_MODULES = YES;
				CLANG_ENABLE_OBJC_ARC = YES;
				CLANG_ENABLE_OBJC_WEAK = YES;
				CLANG_WARN_BLOCK_CAPTURE_AUTORELEASING = YES;
				CLANG_WARN_BOOL_CONVERSION = YES;
				CLANG_WARN_COMMA = YES;
				CLANG_WARN_CONSTANT_CONVERSION = YES;
				CLANG_WARN_DEPRECATED_OBJC_IMPLEMENTATIONS = YES;
				CLANG_WARN_DIRECT_OBJC_ISA_USAGE = YES_ERROR;
				CLANG_WARN_DOCUMENTATION_COMMENTS = YES;
				CLANG_WARN_EMPTY_BODY = YES;
				CLANG_WARN_ENUM_CONVERSION = YES;
				CLANG_WARN_INFINITE_RECURSION = YES;
				CLANG_WARN_INT_CONVERSION = YES;
				CLANG_WARN_NON_LITERAL_NULL_CONVERSION = YES;
				CLANG_WARN_OBJC_IMPLICIT_RETAIN_SELF = YES;
				CLANG_WARN_OBJC_LITERAL_CONVERSION = YES;
				CLANG_WARN_OBJC_ROOT_CLASS = YES_ERROR;
				CLANG_WARN_QUOTED_INCLUDE_IN_FRAMEWORK_HEADER = YES;
				CLANG_WARN_RANGE_LOOP_ANALYSIS = YES;
				CLANG_WARN_STRICT_PROTOTYPES = YES;
				CLANG_WARN_SUSPICIOUS_MOVE = YES;
				CLANG_WARN_UNGUARDED_AVAILABILITY = YES_AGGRESSIVE;
				CLANG_WARN_UNREACHABLE_CODE = YES;
				CLANG_WARN__DUPLICATE_METHOD_MATCH = YES;
				COPY_PHASE_STRIP = NO;
				DEBUG_INFORMATION_FORMAT = dwarf;
				ENABLE_STRICT_OBJC_MSGSEND = YES;
				ENABLE_TESTABILITY = YES;
				GCC_C_LANGUAGE_STANDARD = gnu11;
				GCC_DYNAMIC_NO_PIC = NO;
				GCC_NO_COMMON_BLOCKS = YES;
				GCC_OPTIMIZATION_LEVEL = 0;
				GCC_PREPROCESSOR_DEFINITIONS = (
					"DEBUG=1",
					"$(inherited)",
				);
				GCC_WARN_64_TO_32_BIT_CONVERSION = YES;
				GCC_WARN_ABOUT_RETURN_TYPE = YES_ERROR;
				GCC_WARN_UNDECLARED_SELECTOR = YES;
				GCC_WARN_UNINITIALIZED_AUTOS = YES_AGGRESSIVE;
				GCC_WARN_UNUSED_FUNCTION = YES;
				GCC_WARN_UNUSED_VARIABLE = YES;
				IPHONEOS_DEPLOYMENT_TARGET = 16.2;
				MTL_ENABLE_DEBUG_INFO = INCLUDE_SOURCE;
				MTL_FAST_MATH = YES;
				ONLY_ACTIVE_ARCH = YES;
				SDKROOT = iphoneos;
				SWIFT_ACTIVE_COMPILATION_CONDITIONS = DEBUG;
				SWIFT_OPTIMIZATION_LEVEL = "-Onone";
			};
			name = Debug;
		};
		D9DB52FD29B6F636008EEB73 /* Release */ = {
			isa = XCBuildConfiguration;
			buildSettings = {
				ALWAYS_SEARCH_USER_PATHS = NO;
				CLANG_ANALYZER_NONNULL = YES;
				CLANG_ANALYZER_NUMBER_OBJECT_CONVERSION = YES_AGGRESSIVE;
				CLANG_CXX_LANGUAGE_STANDARD = "gnu++20";
				CLANG_ENABLE_MODULES = YES;
				CLANG_ENABLE_OBJC_ARC = YES;
				CLANG_ENABLE_OBJC_WEAK = YES;
				CLANG_WARN_BLOCK_CAPTURE_AUTORELEASING = YES;
				CLANG_WARN_BOOL_CONVERSION = YES;
				CLANG_WARN_COMMA = YES;
				CLANG_WARN_CONSTANT_CONVERSION = YES;
				CLANG_WARN_DEPRECATED_OBJC_IMPLEMENTATIONS = YES;
				CLANG_WARN_DIRECT_OBJC_ISA_USAGE = YES_ERROR;
				CLANG_WARN_DOCUMENTATION_COMMENTS = YES;
				CLANG_WARN_EMPTY_BODY = YES;
				CLANG_WARN_ENUM_CONVERSION = YES;
				CLANG_WARN_INFINITE_RECURSION = YES;
				CLANG_WARN_INT_CONVERSION = YES;
				CLANG_WARN_NON_LITERAL_NULL_CONVERSION = YES;
				CLANG_WARN_OBJC_IMPLICIT_RETAIN_SELF = YES;
				CLANG_WARN_OBJC_LITERAL_CONVERSION = YES;
				CLANG_WARN_OBJC_ROOT_CLASS = YES_ERROR;
				CLANG_WARN_QUOTED_INCLUDE_IN_FRAMEWORK_HEADER = YES;
				CLANG_WARN_RANGE_LOOP_ANALYSIS = YES;
				CLANG_WARN_STRICT_PROTOTYPES = YES;
				CLANG_WARN_SUSPICIOUS_MOVE = YES;
				CLANG_WARN_UNGUARDED_AVAILABILITY = YES_AGGRESSIVE;
				CLANG_WARN_UNREACHABLE_CODE = YES;
				CLANG_WARN__DUPLICATE_METHOD_MATCH = YES;
				COPY_PHASE_STRIP = NO;
				DEBUG_INFORMATION_FORMAT = "dwarf-with-dsym";
				ENABLE_NS_ASSERTIONS = NO;
				ENABLE_STRICT_OBJC_MSGSEND = YES;
				GCC_C_LANGUAGE_STANDARD = gnu11;
				GCC_NO_COMMON_BLOCKS = YES;
				GCC_WARN_64_TO_32_BIT_CONVERSION = YES;
				GCC_WARN_ABOUT_RETURN_TYPE = YES_ERROR;
				GCC_WARN_UNDECLARED_SELECTOR = YES;
				GCC_WARN_UNINITIALIZED_AUTOS = YES_AGGRESSIVE;
				GCC_WARN_UNUSED_FUNCTION = YES;
				GCC_WARN_UNUSED_VARIABLE = YES;
				IPHONEOS_DEPLOYMENT_TARGET = 16.2;
				MTL_ENABLE_DEBUG_INFO = NO;
				MTL_FAST_MATH = YES;
				SDKROOT = iphoneos;
				SWIFT_COMPILATION_MODE = wholemodule;
				SWIFT_OPTIMIZATION_LEVEL = "-O";
				VALIDATE_PRODUCT = YES;
			};
			name = Release;
		};
		D9DB52FF29B6F636008EEB73 /* Debug */ = {
			isa = XCBuildConfiguration;
			buildSettings = {
				ASSETCATALOG_COMPILER_APPICON_NAME = AppIcon;
				ASSETCATALOG_COMPILER_GLOBAL_ACCENT_COLOR_NAME = AccentColor;
				CODE_SIGN_STYLE = Automatic;
				CURRENT_PROJECT_VERSION = 1;
				GENERATE_INFOPLIST_FILE = YES;
				INFOPLIST_FILE = OfficeUITest/Info.plist;
				INFOPLIST_KEY_UIApplicationSupportsIndirectInputEvents = YES;
				INFOPLIST_KEY_UILaunchStoryboardName = LaunchScreen;
				INFOPLIST_KEY_UIMainStoryboardFile = Main;
				INFOPLIST_KEY_UISupportedInterfaceOrientations = UIInterfaceOrientationPortrait;
				INFOPLIST_KEY_UISupportedInterfaceOrientations_iPad = "UIInterfaceOrientationLandscapeLeft UIInterfaceOrientationLandscapeRight UIInterfaceOrientationPortrait UIInterfaceOrientationPortraitUpsideDown";
				LD_RUNPATH_SEARCH_PATHS = (
					"$(inherited)",
					"@executable_path/Frameworks",
				);
				MARKETING_VERSION = 1.0;
				PRODUCT_BUNDLE_IDENTIFIER = com.FirstProject.OfficeUITest;
				PRODUCT_NAME = "$(TARGET_NAME)";
				SUPPORTED_PLATFORMS = "iphoneos iphonesimulator";
				SUPPORTS_MACCATALYST = NO;
				SUPPORTS_MAC_DESIGNED_FOR_IPHONE_IPAD = NO;
				SWIFT_EMIT_LOC_STRINGS = YES;
				SWIFT_VERSION = 5.0;
				TARGETED_DEVICE_FAMILY = 1;
			};
			name = Debug;
		};
		D9DB530029B6F636008EEB73 /* Release */ = {
			isa = XCBuildConfiguration;
			buildSettings = {
				ASSETCATALOG_COMPILER_APPICON_NAME = AppIcon;
				ASSETCATALOG_COMPILER_GLOBAL_ACCENT_COLOR_NAME = AccentColor;
				CODE_SIGN_STYLE = Automatic;
				CURRENT_PROJECT_VERSION = 1;
				GENERATE_INFOPLIST_FILE = YES;
				INFOPLIST_FILE = OfficeUITest/Info.plist;
				INFOPLIST_KEY_UIApplicationSupportsIndirectInputEvents = YES;
				INFOPLIST_KEY_UILaunchStoryboardName = LaunchScreen;
				INFOPLIST_KEY_UIMainStoryboardFile = Main;
				INFOPLIST_KEY_UISupportedInterfaceOrientations = UIInterfaceOrientationPortrait;
				INFOPLIST_KEY_UISupportedInterfaceOrientations_iPad = "UIInterfaceOrientationLandscapeLeft UIInterfaceOrientationLandscapeRight UIInterfaceOrientationPortrait UIInterfaceOrientationPortraitUpsideDown";
				LD_RUNPATH_SEARCH_PATHS = (
					"$(inherited)",
					"@executable_path/Frameworks",
				);
				MARKETING_VERSION = 1.0;
				PRODUCT_BUNDLE_IDENTIFIER = com.FirstProject.OfficeUITest;
				PRODUCT_NAME = "$(TARGET_NAME)";
				SUPPORTED_PLATFORMS = "iphoneos iphonesimulator";
				SUPPORTS_MACCATALYST = NO;
				SUPPORTS_MAC_DESIGNED_FOR_IPHONE_IPAD = NO;
				SWIFT_EMIT_LOC_STRINGS = YES;
				SWIFT_VERSION = 5.0;
				TARGETED_DEVICE_FAMILY = 1;
			};
			name = Release;
		};
/* End XCBuildConfiguration section */

/* Begin XCConfigurationList section */
		D9DB52E529B6F634008EEB73 /* Build configuration list for PBXProject "OfficeUITest" */ = {
			isa = XCConfigurationList;
			buildConfigurations = (
				D9DB52FC29B6F636008EEB73 /* Debug */,
				D9DB52FD29B6F636008EEB73 /* Release */,
			);
			defaultConfigurationIsVisible = 0;
			defaultConfigurationName = Release;
		};
		D9DB52FE29B6F636008EEB73 /* Build configuration list for PBXNativeTarget "OfficeUITest" */ = {
			isa = XCConfigurationList;
			buildConfigurations = (
				D9DB52FF29B6F636008EEB73 /* Debug */,
				D9DB530029B6F636008EEB73 /* Release */,
			);
			defaultConfigurationIsVisible = 0;
			defaultConfigurationName = Release;
		};
/* End XCConfigurationList section */
	};
	rootObject = D9DB52E229B6F634008EEB73 /* Project object */;
}
